
Microsoft Visual Studio Solution File, Format Version 12.00
# Visual Studio 15
VisualStudioVersion = 15.0.28307.572
MinimumVisualStudioVersion = 10.0.40219.1
Project("{9A19103F-16F7-4668-BE54-9A1E7A4F7556}") = "WebApi.DAL", "WebApi.DAL\WebApi.DAL.csproj", "{AA8E015C-ED5D-4DB2-8E25-182AD53B3134}"
EndProject
Project("{9A19103F-16F7-4668-BE54-9A1E7A4F7556}") = "WebApi.Bll", "WebApi.Bll\WebApi.Bll.csproj", "{62EDE2FD-9BA3-44E1-84E9-829F9C7DEC12}"
EndProject
Project("{9A19103F-16F7-4668-BE54-9A1E7A4F7556}") = "WebApi.API", "WebApi.API\WebApi.API.csproj", "{5AF8181B-2389-4363-9431-7582AC7EF135}"
	ProjectSection(ProjectDependencies) = postProject
		{AA8E015C-ED5D-4DB2-8E25-182AD53B3134} = {AA8E015C-ED5D-4DB2-8E25-182AD53B3134}
	EndProjectSection
EndProject
Project("{FAE04EC0-301F-11D3-BF4B-00C04F79EFBC}") = "WebApi.Client", "WebApi.Client\WebApi.Client.csproj", "{DF72C70B-65EC-49A3-9F76-B2CE0A4AFC4B}"
EndProject
Global
	GlobalSection(SolutionConfigurationPlatforms) = preSolution
		Debug|Any CPU = Debug|Any CPU
		Release|Any CPU = Release|Any CPU
	EndGlobalSection
	GlobalSection(ProjectConfigurationPlatforms) = postSolution
		{AA8E015C-ED5D-4DB2-8E25-182AD53B3134}.Debug|Any CPU.ActiveCfg = Debug|Any CPU
		{AA8E015C-ED5D-4DB2-8E25-182AD53B3134}.Debug|Any CPU.Build.0 = Debug|Any CPU
		{AA8E015C-ED5D-4DB2-8E25-182AD53B3134}.Release|Any CPU.ActiveCfg = Release|Any CPU
		{AA8E015C-ED5D-4DB2-8E25-182AD53B3134}.Release|Any CPU.Build.0 = Release|Any CPU
		{62EDE2FD-9BA3-44E1-84E9-829F9C7DEC12}.Debug|Any CPU.ActiveCfg = Debug|Any CPU
		{62EDE2FD-9BA3-44E1-84E9-829F9C7DEC12}.Debug|Any CPU.Build.0 = Debug|Any CPU
		{62EDE2FD-9BA3-44E1-84E9-829F9C7DEC12}.Release|Any CPU.ActiveCfg = Release|Any CPU
		{62EDE2FD-9BA3-44E1-84E9-829F9C7DEC12}.Release|Any CPU.Build.0 = Release|Any CPU
		{5AF8181B-2389-4363-9431-7582AC7EF135}.Debug|Any CPU.ActiveCfg = Debug|Any CPU
		{5AF8181B-2389-4363-9431-7582AC7EF135}.Debug|Any CPU.Build.0 = Debug|Any CPU
		{5AF8181B-2389-4363-9431-7582AC7EF135}.Release|Any CPU.ActiveCfg = Release|Any CPU
		{5AF8181B-2389-4363-9431-7582AC7EF135}.Release|Any CPU.Build.0 = Release|Any CPU
		{DF72C70B-65EC-49A3-9F76-B2CE0A4AFC4B}.Debug|Any CPU.ActiveCfg = Debug|Any CPU
		{DF72C70B-65EC-49A3-9F76-B2CE0A4AFC4B}.Debug|Any CPU.Build.0 = Debug|Any CPU
		{DF72C70B-65EC-49A3-9F76-B2CE0A4AFC4B}.Release|Any CPU.ActiveCfg = Release|Any CPU
		{DF72C70B-65EC-49A3-9F76-B2CE0A4AFC4B}.Release|Any CPU.Build.0 = Release|Any CPU
	EndGlobalSection
	GlobalSection(SolutionProperties) = preSolution
		HideSolutionNode = FALSE
	EndGlobalSection
	GlobalSection(ExtensibilityGlobals) = postSolution
		SolutionGuid = {1CD0150C-C1AA-4FB7-AA3A-D7EC7587297C}
	EndGlobalSection
EndGlobal
